
Microsoft Visual Studio Solution File, Format Version 12.00
# Visual Studio Version 17
VisualStudioVersion = 17.10.34928.147
MinimumVisualStudioVersion = 10.0.40219.1
Project("{FAE04EC0-301F-11D3-BF4B-00C04F79EFBC}") = "cs-arrays-strings-lists", "cs-arrays-strings-lists\cs-arrays-strings-lists.csproj", "{FD94D941-77A7-4CF5-9494-7F43FB4738A8}"
EndProject
Project("{FAE04EC0-301F-11D3-BF4B-00C04F79EFBC}") = "arrays-strings-lists.nUnitTests", "arrays-strings-lists.nUnitTests\arrays-strings-lists.nUnitTests.csproj", "{AF0D0DE9-5651-491A-8F9E-A73B4FCBCB85}"
EndProject
Global
	GlobalSection(SolutionConfigurationPlatforms) = preSolution
		Debug|Any CPU = Debug|Any CPU
		Release|Any CPU = Release|Any CPU
	EndGlobalSection
	GlobalSection(ProjectConfigurationPlatforms) = postSolution
		{FD94D941-77A7-4CF5-9494-7F43FB4738A8}.Debug|Any CPU.ActiveCfg = Debug|Any CPU
		{FD94D941-77A7-4CF5-9494-7F43FB4738A8}.Debug|Any CPU.Build.0 = Debug|Any CPU
		{FD94D941-77A7-4CF5-9494-7F43FB4738A8}.Release|Any CPU.ActiveCfg = Release|Any CPU
		{FD94D941-77A7-4CF5-9494-7F43FB4738A8}.Release|Any CPU.Build.0 = Release|Any CPU
		{AF0D0DE9-5651-491A-8F9E-A73B4FCBCB85}.Debug|Any CPU.ActiveCfg = Debug|Any CPU
		{AF0D0DE9-5651-491A-8F9E-A73B4FCBCB85}.Debug|Any CPU.Build.0 = Debug|Any CPU
		{AF0D0DE9-5651-491A-8F9E-A73B4FCBCB85}.Release|Any CPU.ActiveCfg = Release|Any CPU
		{AF0D0DE9-5651-491A-8F9E-A73B4FCBCB85}.Release|Any CPU.Build.0 = Release|Any CPU
	EndGlobalSection
	GlobalSection(SolutionProperties) = preSolution
		HideSolutionNode = FALSE
	EndGlobalSection
	GlobalSection(ExtensibilityGlobals) = postSolution
		SolutionGuid = {CE48A53F-3D98-4D68-8776-444B9722212C}
	EndGlobalSection
EndGlobal
